PODS:
  - Alamofire (4.0.1)
  - SwiftyJSON (3.1.0)

DEPENDENCIES:
  - Alamofire
  - SwiftyJSON

SPEC CHECKSUMS:
  Alamofire: 7682d43245de14874acd142ec137b144aa1dd335
  SwiftyJSON: 29b9f2a64f118c07e691667c2ba1efe536acfe0b

PODFILE CHECKSUM: cad58183463505e8fdadaec67a753257ef47e3c1

COCOAPODS: 1.1.0.rc.2
